# This file is automatically @generated by Poetry 1.8.5 and should not be changed by hand.

[[package]]
name = "greenlet"
version = "3.2.2"
description = "Lightweight in-process concurrent programming"
optional = false
python-versions = ">=3.9"
files = [
    {file = "greenlet-3.2.2-cp310-cp310-macosx_11_0_universal2.whl", hash = "sha256:c49e9f7c6f625507ed83a7485366b46cbe325717c60837f7244fc99ba16ba9d6"},
    {file = "greenlet-3.2.2-cp310-cp310-manylinux_2_17_aarch64.manylinux2014_aarch64.whl", hash = "sha256:c3cc1a3ed00ecfea8932477f729a9f616ad7347a5e55d50929efa50a86cb7be7"},
    {file = "greenlet-3.2.2-cp310-cp310-manylinux_2_17_ppc64le.manylinux2014_ppc64le.whl", hash = "sha256:7c9896249fbef2c615853b890ee854f22c671560226c9221cfd27c995db97e5c"},
    {file = "greenlet-3.2.2-cp310-cp310-manylinux_2_17_s390x.manylinux2014_s390x.whl", hash = "sha256:7409796591d879425997a518138889d8d17e63ada7c99edc0d7a1c22007d4907"},
    {file = "greenlet-3.2.2-cp310-cp310-manylinux_2_17_x86_64.manylinux2014_x86_64.whl", hash = "sha256:7791dcb496ec53d60c7f1c78eaa156c21f402dda38542a00afc3e20cae0f480f"},
    {file = "greenlet-3.2.2-cp310-cp310-manylinux_2_24_x86_64.manylinux_2_28_x86_64.whl", hash = "sha256:d8009ae46259e31bc73dc183e402f548e980c96f33a6ef58cc2e7865db012e13"},
    {file = "greenlet-3.2.2-cp310-cp310-musllinux_1_1_aarch64.whl", hash = "sha256:fd9fb7c941280e2c837b603850efc93c999ae58aae2b40765ed682a6907ebbc5"},
    {file = "greenlet-3.2.2-cp310-cp310-musllinux_1_1_x86_64.whl", hash = "sha256:00cd814b8959b95a546e47e8d589610534cfb71f19802ea8a2ad99d95d702057"},
    {file = "greenlet-3.2.2-cp310-cp310-win_amd64.whl", hash = "sha256:d0cb7d47199001de7658c213419358aa8937df767936506db0db7ce1a71f4a2f"},
    {file = "greenlet-3.2.2-cp311-cp311-macosx_11_0_universal2.whl", hash = "sha256:dcb9cebbf3f62cb1e5afacae90761ccce0effb3adaa32339a0670fe7805d8068"},
    {file = "greenlet-3.2.2-cp311-cp311-manylinux_2_17_aarch64.manylinux2014_aarch64.whl", hash = "sha256:bf3fc9145141250907730886b031681dfcc0de1c158f3cc51c092223c0f381ce"},
    {file = "greenlet-3.2.2-cp311-cp311-manylinux_2_17_ppc64le.manylinux2014_ppc64le.whl", hash = "sha256:efcdfb9df109e8a3b475c016f60438fcd4be68cd13a365d42b35914cdab4bb2b"},
    {file = "greenlet-3.2.2-cp311-cp311-manylinux_2_17_s390x.manylinux2014_s390x.whl", hash = "sha256:4bd139e4943547ce3a56ef4b8b1b9479f9e40bb47e72cc906f0f66b9d0d5cab3"},
    {file = "greenlet-3.2.2-cp311-cp311-manylinux_2_17_x86_64.manylinux2014_x86_64.whl", hash = "sha256:71566302219b17ca354eb274dfd29b8da3c268e41b646f330e324e3967546a74"},
    {file = "greenlet-3.2.2-cp311-cp311-manylinux_2_24_x86_64.manylinux_2_28_x86_64.whl", hash = "sha256:3091bc45e6b0c73f225374fefa1536cd91b1e987377b12ef5b19129b07d93ebe"},
    {file = "greenlet-3.2.2-cp311-cp311-musllinux_1_1_aarch64.whl", hash = "sha256:44671c29da26539a5f142257eaba5110f71887c24d40df3ac87f1117df589e0e"},
    {file = "greenlet-3.2.2-cp311-cp311-musllinux_1_1_x86_64.whl", hash = "sha256:c23ea227847c9dbe0b3910f5c0dd95658b607137614eb821e6cbaecd60d81cc6"},
    {file = "greenlet-3.2.2-cp311-cp311-win_amd64.whl", hash = "sha256:0a16fb934fcabfdfacf21d79e6fed81809d8cd97bc1be9d9c89f0e4567143d7b"},
    {file = "greenlet-3.2.2-cp312-cp312-macosx_11_0_universal2.whl", hash = "sha256:df4d1509efd4977e6a844ac96d8be0b9e5aa5d5c77aa27ca9f4d3f92d3fcf330"},
    {file = "greenlet-3.2.2-cp312-cp312-manylinux_2_17_aarch64.manylinux2014_aarch64.whl", hash = "sha256:da956d534a6d1b9841f95ad0f18ace637668f680b1339ca4dcfb2c1837880a0b"},
    {file = "greenlet-3.2.2-cp312-cp312-manylinux_2_17_ppc64le.manylinux2014_ppc64le.whl", hash = "sha256:9c7b15fb9b88d9ee07e076f5a683027bc3befd5bb5d25954bb633c385d8b737e"},
    {file = "greenlet-3.2.2-cp312-cp312-manylinux_2_17_s390x.manylinux2014_s390x.whl", hash = "sha256:752f0e79785e11180ebd2e726c8a88109ded3e2301d40abced2543aa5d164275"},
    {file = "greenlet-3.2.2-cp312-cp312-manylinux_2_17_x86_64.manylinux2014_x86_64.whl", hash = "sha256:9ae572c996ae4b5e122331e12bbb971ea49c08cc7c232d1bd43150800a2d6c65"},
    {file = "greenlet-3.2.2-cp312-cp312-manylinux_2_24_x86_64.manylinux_2_28_x86_64.whl", hash = "sha256:02f5972ff02c9cf615357c17ab713737cccfd0eaf69b951084a9fd43f39833d3"},
    {file = "greenlet-3.2.2-cp312-cp312-musllinux_1_1_aarch64.whl", hash = "sha256:4fefc7aa68b34b9224490dfda2e70ccf2131368493add64b4ef2d372955c207e"},
    {file = "greenlet-3.2.2-cp312-cp312-musllinux_1_1_x86_64.whl", hash = "sha256:a31ead8411a027c2c4759113cf2bd473690517494f3d6e4bf67064589afcd3c5"},
    {file = "greenlet-3.2.2-cp312-cp312-win_amd64.whl", hash = "sha256:b24c7844c0a0afc3ccbeb0b807adeefb7eff2b5599229ecedddcfeb0ef333bec"},
    {file = "greenlet-3.2.2-cp313-cp313-macosx_11_0_universal2.whl", hash = "sha256:3ab7194ee290302ca15449f601036007873028712e92ca15fc76597a0aeb4c59"},
    {file = "greenlet-3.2.2-cp313-cp313-manylinux_2_17_aarch64.manylinux2014_aarch64.whl", hash = "sha256:2dc5c43bb65ec3669452af0ab10729e8fdc17f87a1f2ad7ec65d4aaaefabf6bf"},
    {file = "greenlet-3.2.2-cp313-cp313-manylinux_2_17_ppc64le.manylinux2014_ppc64le.whl", hash = "sha256:decb0658ec19e5c1f519faa9a160c0fc85a41a7e6654b3ce1b44b939f8bf1325"},
    {file = "greenlet-3.2.2-cp313-cp313-manylinux_2_17_s390x.manylinux2014_s390x.whl", hash = "sha256:6fadd183186db360b61cb34e81117a096bff91c072929cd1b529eb20dd46e6c5"},
    {file = "greenlet-3.2.2-cp313-cp313-manylinux_2_17_x86_64.manylinux2014_x86_64.whl", hash = "sha256:1919cbdc1c53ef739c94cf2985056bcc0838c1f217b57647cbf4578576c63825"},
    {file = "greenlet-3.2.2-cp313-cp313-manylinux_2_24_x86_64.manylinux_2_28_x86_64.whl", hash = "sha256:3885f85b61798f4192d544aac7b25a04ece5fe2704670b4ab73c2d2c14ab740d"},
    {file = "greenlet-3.2.2-cp313-cp313-musllinux_1_1_aarch64.whl", hash = "sha256:85f3e248507125bf4af607a26fd6cb8578776197bd4b66e35229cdf5acf1dfbf"},
    {file = "greenlet-3.2.2-cp313-cp313-musllinux_1_1_x86_64.whl", hash = "sha256:1e76106b6fc55fa3d6fe1c527f95ee65e324a13b62e243f77b48317346559708"},
    {file = "greenlet-3.2.2-cp313-cp313-win_amd64.whl", hash = "sha256:fe46d4f8e94e637634d54477b0cfabcf93c53f29eedcbdeecaf2af32029b4421"},
    {file = "greenlet-3.2.2-cp313-cp313t-manylinux_2_17_aarch64.manylinux2014_aarch64.whl", hash = "sha256:ba30e88607fb6990544d84caf3c706c4b48f629e18853fc6a646f82db9629418"},
    {file = "greenlet-3.2.2-cp313-cp313t-manylinux_2_17_ppc64le.manylinux2014_ppc64le.whl", hash = "sha256:055916fafad3e3388d27dd68517478933a97edc2fc54ae79d3bec827de2c64c4"},
    {file = "greenlet-3.2.2-cp313-cp313t-manylinux_2_17_s390x.manylinux2014_s390x.whl", hash = "sha256:2593283bf81ca37d27d110956b79e8723f9aa50c4bcdc29d3c0543d4743d2763"},
    {file = "greenlet-3.2.2-cp313-cp313t-manylinux_2_17_x86_64.manylinux2014_x86_64.whl", hash = "sha256:89c69e9a10670eb7a66b8cef6354c24671ba241f46152dd3eed447f79c29fb5b"},
    {file = "greenlet-3.2.2-cp313-cp313t-manylinux_2_24_x86_64.manylinux_2_28_x86_64.whl", hash = "sha256:02a98600899ca1ca5d3a2590974c9e3ec259503b2d6ba6527605fcd74e08e207"},
    {file = "greenlet-3.2.2-cp313-cp313t-musllinux_1_1_aarch64.whl", hash = "sha256:b50a8c5c162469c3209e5ec92ee4f95c8231b11db6a04db09bbe338176723bb8"},
    {file = "greenlet-3.2.2-cp313-cp313t-musllinux_1_1_x86_64.whl", hash = "sha256:45f9f4853fb4cc46783085261c9ec4706628f3b57de3e68bae03e8f8b3c0de51"},
    {file = "greenlet-3.2.2-cp314-cp314-macosx_11_0_universal2.whl", hash = "sha256:9ea5231428af34226c05f927e16fc7f6fa5e39e3ad3cd24ffa48ba53a47f4240"},
    {file = "greenlet-3.2.2-cp39-cp39-macosx_11_0_universal2.whl", hash = "sha256:1e4747712c4365ef6765708f948acc9c10350719ca0545e362c24ab973017370"},
    {file = "greenlet-3.2.2-cp39-cp39-manylinux_2_17_aarch64.manylinux2014_aarch64.whl", hash = "sha256:782743700ab75716650b5238a4759f840bb2dcf7bff56917e9ffdf9f1f23ec59"},
    {file = "greenlet-3.2.2-cp39-cp39-manylinux_2_17_ppc64le.manylinux2014_ppc64le.whl", hash = "sha256:354f67445f5bed6604e493a06a9a49ad65675d3d03477d38a4db4a427e9aad0e"},
    {file = "greenlet-3.2.2-cp39-cp39-manylinux_2_17_s390x.manylinux2014_s390x.whl", hash = "sha256:3aeca9848d08ce5eb653cf16e15bb25beeab36e53eb71cc32569f5f3afb2a3aa"},
    {file = "greenlet-3.2.2-cp39-cp39-manylinux_2_17_x86_64.manylinux2014_x86_64.whl", hash = "sha256:8cb8553ee954536500d88a1a2f58fcb867e45125e600e80f586ade399b3f8819"},
    {file = "greenlet-3.2.2-cp39-cp39-manylinux_2_24_x86_64.manylinux_2_28_x86_64.whl", hash = "sha256:1592a615b598643dbfd566bac8467f06c8c8ab6e56f069e573832ed1d5d528cc"},
    {file = "greenlet-3.2.2-cp39-cp39-musllinux_1_1_aarch64.whl", hash = "sha256:1f72667cc341c95184f1c68f957cb2d4fc31eef81646e8e59358a10ce6689457"},
    {file = "greenlet-3.2.2-cp39-cp39-musllinux_1_1_x86_64.whl", hash = "sha256:a8fa80665b1a29faf76800173ff5325095f3e66a78e62999929809907aca5659"},
    {file = "greenlet-3.2.2-cp39-cp39-win32.whl", hash = "sha256:6629311595e3fe7304039c67f00d145cd1d38cf723bb5b99cc987b23c1433d61"},
    {file = "greenlet-3.2.2-cp39-cp39-win_amd64.whl", hash = "sha256:eeb27bece45c0c2a5842ac4c5a1b5c2ceaefe5711078eed4e8043159fa05c834"},
    {file = "greenlet-3.2.2.tar.gz", hash = "sha256:ad053d34421a2debba45aa3cc39acf454acbcd025b3fc1a9f8a0dee237abd485"},
]

[package.extras]
docs = ["Sphinx", "furo"]
test = ["objgraph", "psutil"]

[[package]]
name = "mypy"
version = "1.15.0"
description = "Optional static typing for Python"
optional = false
python-versions = ">=3.9"
files = [
    {file = "mypy-1.15.0-cp310-cp310-macosx_10_9_x86_64.whl", hash = "sha256:979e4e1a006511dacf628e36fadfecbcc0160a8af6ca7dad2f5025529e082c13"},
    {file = "mypy-1.15.0-cp310-cp310-macosx_11_0_arm64.whl", hash = "sha256:c4bb0e1bd29f7d34efcccd71cf733580191e9a264a2202b0239da95984c5b559"},
    {file = "mypy-1.15.0-cp310-cp310-manylinux_2_17_aarch64.manylinux2014_aarch64.manylinux_2_28_aarch64.whl", hash = "sha256:be68172e9fd9ad8fb876c6389f16d1c1b5f100ffa779f77b1fb2176fcc9ab95b"},
    {file = "mypy-1.15.0-cp310-cp310-manylinux_2_17_x86_64.manylinux2014_x86_64.manylinux_2_28_x86_64.whl", hash = "sha256:c7be1e46525adfa0d97681432ee9fcd61a3964c2446795714699a998d193f1a3"},
    {file = "mypy-1.15.0-cp310-cp310-musllinux_1_2_x86_64.whl", hash = "sha256:2e2c2e6d3593f6451b18588848e66260ff62ccca522dd231cd4dd59b0160668b"},
    {file = "mypy-1.15.0-cp310-cp310-win_amd64.whl", hash = "sha256:6983aae8b2f653e098edb77f893f7b6aca69f6cffb19b2cc7443f23cce5f4828"},
    {file = "mypy-1.15.0-cp311-cp311-macosx_10_9_x86_64.whl", hash = "sha256:2922d42e16d6de288022e5ca321cd0618b238cfc5570e0263e5ba0a77dbef56f"},
    {file = "mypy-1.15.0-cp311-cp311-macosx_11_0_arm64.whl", hash = "sha256:2ee2d57e01a7c35de00f4634ba1bbf015185b219e4dc5909e281016df43f5ee5"},
    {file = "mypy-1.15.0-cp311-cp311-manylinux_2_17_aarch64.manylinux2014_aarch64.manylinux_2_28_aarch64.whl", hash = "sha256:973500e0774b85d9689715feeffcc980193086551110fd678ebe1f4342fb7c5e"},
    {file = "mypy-1.15.0-cp311-cp311-manylinux_2_17_x86_64.manylinux2014_x86_64.manylinux_2_28_x86_64.whl", hash = "sha256:5a95fb17c13e29d2d5195869262f8125dfdb5c134dc8d9a9d0aecf7525b10c2c"},
    {file = "mypy-1.15.0-cp311-cp311-musllinux_1_2_x86_64.whl", hash = "sha256:1905f494bfd7d85a23a88c5d97840888a7bd516545fc5aaedff0267e0bb54e2f"},
    {file = "mypy-1.15.0-cp311-cp311-win_amd64.whl", hash = "sha256:c9817fa23833ff189db061e6d2eff49b2f3b6ed9856b4a0a73046e41932d744f"},
    {file = "mypy-1.15.0-cp312-cp312-macosx_10_13_x86_64.whl", hash = "sha256:aea39e0583d05124836ea645f412e88a5c7d0fd77a6d694b60d9b6b2d9f184fd"},
    {file = "mypy-1.15.0-cp312-cp312-macosx_11_0_arm64.whl", hash = "sha256:2f2147ab812b75e5b5499b01ade1f4a81489a147c01585cda36019102538615f"},
    {file = "mypy-1.15.0-cp312-cp312-manylinux_2_17_aarch64.manylinux2014_aarch64.manylinux_2_28_aarch64.whl", hash = "sha256:ce436f4c6d218a070048ed6a44c0bbb10cd2cc5e272b29e7845f6a2f57ee4464"},
    {file = "mypy-1.15.0-cp312-cp312-manylinux_2_17_x86_64.manylinux2014_x86_64.manylinux_2_28_x86_64.whl", hash = "sha256:8023ff13985661b50a5928fc7a5ca15f3d1affb41e5f0a9952cb68ef090b31ee"},
    {file = "mypy-1.15.0-cp312-cp312-musllinux_1_2_x86_64.whl", hash = "sha256:1124a18bc11a6a62887e3e137f37f53fbae476dc36c185d549d4f837a2a6a14e"},
    {file = "mypy-1.15.0-cp312-cp312-win_amd64.whl", hash = "sha256:171a9ca9a40cd1843abeca0e405bc1940cd9b305eaeea2dda769ba096932bb22"},
    {file = "mypy-1.15.0-cp313-cp313-macosx_10_13_x86_64.whl", hash = "sha256:93faf3fdb04768d44bf28693293f3904bbb555d076b781ad2530214ee53e3445"},
    {file = "mypy-1.15.0-cp313-cp313-macosx_11_0_arm64.whl", hash = "sha256:811aeccadfb730024c5d3e326b2fbe9249bb7413553f15499a4050f7c30e801d"},
    {file = "mypy-1.15.0-cp313-cp313-manylinux_2_17_aarch64.manylinux2014_aarch64.manylinux_2_28_aarch64.whl", hash = "sha256:98b7b9b9aedb65fe628c62a6dc57f6d5088ef2dfca37903a7d9ee374d03acca5"},
    {file = "mypy-1.15.0-cp313-cp313-manylinux_2_17_x86_64.manylinux2014_x86_64.manylinux_2_28_x86_64.whl", hash = "sha256:c43a7682e24b4f576d93072216bf56eeff70d9140241f9edec0c104d0c515036"},
    {file = "mypy-1.15.0-cp313-cp313-musllinux_1_2_x86_64.whl", hash = "sha256:baefc32840a9f00babd83251560e0ae1573e2f9d1b067719479bfb0e987c6357"},
    {file = "mypy-1.15.0-cp313-cp313-win_amd64.whl", hash = "sha256:b9378e2c00146c44793c98b8d5a61039a048e31f429fb0eb546d93f4b000bedf"},
    {file = "mypy-1.15.0-cp39-cp39-macosx_10_9_x86_64.whl", hash = "sha256:e601a7fa172c2131bff456bb3ee08a88360760d0d2f8cbd7a75a65497e2df078"},
    {file = "mypy-1.15.0-cp39-cp39-macosx_11_0_arm64.whl", hash = "sha256:712e962a6357634fef20412699a3655c610110e01cdaa6180acec7fc9f8513ba"},
    {file = "mypy-1.15.0-cp39-cp39-manylinux_2_17_aarch64.manylinux2014_aarch64.manylinux_2_28_aarch64.whl", hash = "sha256:f95579473af29ab73a10bada2f9722856792a36ec5af5399b653aa28360290a5"},
    {file = "mypy-1.15.0-cp39-cp39-manylinux_2_17_x86_64.manylinux2014_x86_64.manylinux_2_28_x86_64.whl", hash = "sha256:8f8722560a14cde92fdb1e31597760dc35f9f5524cce17836c0d22841830fd5b"},
    {file = "mypy-1.15.0-cp39-cp39-musllinux_1_2_x86_64.whl", hash = "sha256:1fbb8da62dc352133d7d7ca90ed2fb0e9d42bb1a32724c287d3c76c58cbaa9c2"},
    {file = "mypy-1.15.0-cp39-cp39-win_amd64.whl", hash = "sha256:d10d994b41fb3497719bbf866f227b3489048ea4bbbb5015357db306249f7980"},
    {file = "mypy-1.15.0-py3-none-any.whl", hash = "sha256:5469affef548bd1895d86d3bf10ce2b44e33d86923c29e4d675b3e323437ea3e"},
    {file = "mypy-1.15.0.tar.gz", hash = "sha256:404534629d51d3efea5c800ee7c42b72a6554d6c400e6a79eafe15d11341fd43"},
]

[package.dependencies]
mypy_extensions = ">=1.0.0"
tomli = {version = ">=1.1.0", markers = "python_version < \"3.11\""}
typing_extensions = ">=4.6.0"

[package.extras]
dmypy = ["psutil (>=4.0)"]
faster-cache = ["orjson"]
install-types = ["pip"]
mypyc = ["setuptools (>=50)"]
reports = ["lxml"]

[[package]]
name = "mypy-extensions"
version = "1.1.0"
description = "Type system extensions for programs checked with the mypy type checker."
optional = false
python-versions = ">=3.8"
files = [
    {file = "mypy_extensions-1.1.0-py3-none-any.whl", hash = "sha256:1be4cccdb0f2482337c4743e60421de3a356cd97508abadd57d47403e94f5505"},
    {file = "mypy_extensions-1.1.0.tar.gz", hash = "sha256:52e68efc3284861e772bbcd66823fde5ae21fd2fdb51c62a211403730b916558"},
]

[[package]]
name = "psqlpy"
version = "0.11.1"
description = "Async PostgreSQL driver for Python written in Rust"
optional = false
python-versions = ">=3.8"
files = [
    {file = "psqlpy-0.11.1-cp310-cp310-macosx_10_12_x86_64.whl", hash = "sha256:b8b157879416810bc4c70b2f50c60746b8786885b20e41272fbc660b87319e67"},
    {file = "psqlpy-0.11.1-cp310-cp310-macosx_11_0_arm64.whl", hash = "sha256:dff049dac5838df76d681e46af4a51f494a8b48e0cc8d4d1200d8833bce6d762"},
    {file = "psqlpy-0.11.1-cp310-cp310-manylinux_2_17_aarch64.manylinux2014_aarch64.whl", hash = "sha256:9c8404d71073abb131fa2bac3948a090840456010aaf911d11f3bf2f606fed0f"},
    {file = "psqlpy-0.11.1-cp310-cp310-manylinux_2_17_armv7l.manylinux2014_armv7l.whl", hash = "sha256:a49787128d59e4ffd63aac5f261876229790f63e393549a3b9c53c71f968ab9a"},
    {file = "psqlpy-0.11.1-cp310-cp310-manylinux_2_17_i686.manylinux2014_i686.whl", hash = "sha256:0c39b2e19045be618f3f5521ba7462afb784207e9e2d7b4ab95e11619c7dbfa7"},
    {file = "psqlpy-0.11.1-cp310-cp310-manylinux_2_17_ppc64le.manylinux2014_ppc64le.whl", hash = "sha256:dd5ab6fe1c5002cdcdc55f48543bc8e6ddfd21d36215182c406ed85b0f243f5d"},
    {file = "psqlpy-0.11.1-cp310-cp310-manylinux_2_17_s390x.manylinux2014_s390x.whl", hash = "sha256:95789c39a1f2241e08b017a6c3af98c659fe90adbea4e3f80dd3939cbd04357d"},
    {file = "psqlpy-0.11.1-cp310-cp310-manylinux_2_17_x86_64.manylinux2014_x86_64.whl", hash = "sha256:54671cb6f2218f530a7747a79813743f01ca7bc29ff0170c880598a29c4af3c4"},
    {file = "psqlpy-0.11.1-cp310-cp310-musllinux_1_2_i686.whl", hash = "sha256:da7b16b2f583c65295d2b3d63e09f9859f8f3417d10a6ff63bc2633d2298df0d"},
    {file = "psqlpy-0.11.1-cp310-cp310-musllinux_1_2_x86_64.whl", hash = "sha256:6961ab2a238a352b4270e5a5cea0e774059c852754ebe99578582d6684f0c9e9"},
    {file = "psqlpy-0.11.1-cp310-cp310-win32.whl", hash = "sha256:912eb99086e84b0e2e5a768d4409dea231a5e53a170de911ede77e55809f1b07"},
    {file = "psqlpy-0.11.1-cp310-cp310-win_amd64.whl", hash = "sha256:4417203428602d79e9dfcf5a8a271c918ec9d58f75215a678f77882c1fb942b8"},
    {file = "psqlpy-0.11.1-cp311-cp311-macosx_10_12_x86_64.whl", hash = "sha256:902ed5a5b0538995a640987066f8a002ba87d2bb77d22af7f6c3c3ee25bca6f2"},
    {file = "psqlpy-0.11.1-cp311-cp311-macosx_11_0_arm64.whl", hash = "sha256:b9b1df9907065cd5f7213c1480b110a4feb1076c28c220e12fa4413a7201869d"},
    {file = "psqlpy-0.11.1-cp311-cp311-manylinux_2_17_aarch64.manylinux2014_aarch64.whl", hash = "sha256:cc84e6c9ff29c0bd1ed02bd0f6dc44e48830298aaebc0b44da246b43563f5f12"},
    {file = "psqlpy-0.11.1-cp311-cp311-manylinux_2_17_armv7l.manylinux2014_armv7l.whl", hash = "sha256:45c6b62345b0282c8d1ca418f988ffffe37de2318dcef022bb2fa29f98da38c2"},
    {file = "psqlpy-0.11.1-cp311-cp311-manylinux_2_17_i686.manylinux2014_i686.whl", hash = "sha256:e058ea3b5cea06af689d791cfa8f4eef9d526359963967e1b4046465c61a4364"},
    {file = "psqlpy-0.11.1-cp311-cp311-manylinux_2_17_ppc64le.manylinux2014_ppc64le.whl", hash = "sha256:06344035cdc7293bbf4dcbae1aaa13acbe42708ebc67e8eabbfda316fc632b2e"},
    {file = "psqlpy-0.11.1-cp311-cp311-manylinux_2_17_s390x.manylinux2014_s390x.whl", hash = "sha256:af71f03e58bdf9dca691a00dd7bc0e1d323284fb4bf3553d96008f39b149fe35"},
    {file = "psqlpy-0.11.1-cp311-cp311-manylinux_2_17_x86_64.manylinux2014_x86_64.whl", hash = "sha256:5ee6aba385a2430494e862bcc53a8ffffe7a87698eb49a8a303a0eeeadf3343b"},
    {file = "psqlpy-0.11.1-cp311-cp311-musllinux_1_2_i686.whl", hash = "sha256:fd6f34c0e8291c2430d8389e09463b36dcc318a30d51444170deca85e33a154a"},
    {file = "psqlpy-0.11.1-cp311-cp311-musllinux_1_2_x86_64.whl", hash = "sha256:9e48b192d2217ced48f430565c8d15c8da989bb2ac0b1cb2d3ec5ad7f61ba9fc"},
    {file = "psqlpy-0.11.1-cp311-cp311-win32.whl", hash = "sha256:d75c092f211cb4f6b2934dac31d4ca7f1847891e4287ce42a3ee6d9f13923cef"},
    {file = "psqlpy-0.11.1-cp311-cp311-win_amd64.whl", hash = "sha256:a39d296d0e4d311e41698055d9c33f698ed20e10ad6d3d0c9a6f0a6098fb3a53"},
    {file = "psqlpy-0.11.1-cp312-cp312-macosx_10_12_x86_64.whl", hash = "sha256:60c5947d8c1b7da1cc3c0a9ebc5c3da2d54b58cb41a7e779bd94b23ddc7e3c2a"},
    {file = "psqlpy-0.11.1-cp312-cp312-macosx_11_0_arm64.whl", hash = "sha256:03678c876ae9c70f3963e77648d37a01d7507de5b96b8909efd0964046601601"},
    {file = "psqlpy-0.11.1-cp312-cp312-manylinux_2_17_aarch64.manylinux2014_aarch64.whl", hash = "sha256:2e4936741f902eaaa916de77966522633e5e7906714d6760a678209ca4d39fff"},
    {file = "psqlpy-0.11.1-cp312-cp312-manylinux_2_17_armv7l.manylinux2014_armv7l.whl", hash = "sha256:8bb0fe4f78b838eb361a03029676f6327b45337f53d16b27318fe19fbfb8bb92"},
    {file = "psqlpy-0.11.1-cp312-cp312-manylinux_2_17_i686.manylinux2014_i686.whl", hash = "sha256:60ee204653c4efff509d851690fa1418d3c6dba73e1a46e776e721b1b932268a"},
    {file = "psqlpy-0.11.1-cp312-cp312-manylinux_2_17_ppc64le.manylinux2014_ppc64le.whl", hash = "sha256:4d9f5a1acad80e2c47ab7390e65fb4f455ff6709fd6fb4129e7c4968eed1b07a"},
    {file = "psqlpy-0.11.1-cp312-cp312-manylinux_2_17_s390x.manylinux2014_s390x.whl", hash = "sha256:d6a01bd9f549f8fd51a07c26bc50afff7892457a0d5ef5f4029d58df3e651fe2"},
    {file = "psqlpy-0.11.1-cp312-cp312-manylinux_2_17_x86_64.manylinux2014_x86_64.whl", hash = "sha256:9265d110d6feef1fdf786ce5f57c65158720cf19edb1db3c05d7aba7b731d963"},
    {file = "psqlpy-0.11.1-cp312-cp312-musllinux_1_2_i686.whl", hash = "sha256:e98377139485470aecb6d020f472871225dc0ab2ff5b6035a2c97569cf5c5740"},
    {file = "psqlpy-0.11.1-cp312-cp312-musllinux_1_2_x86_64.whl", hash = "sha256:66ce51f803e5b8ef597b6067ffd64ceeac5642fc9f9205f1f746adec435c81f6"},
    {file = "psqlpy-0.11.1-cp312-cp312-win32.whl", hash = "sha256:fc8bc80feda7b092799167ca215c9cc70f3d3670f470e90eb9648fe26c2fbf40"},
    {file = "psqlpy-0.11.1-cp312-cp312-win_amd64.whl", hash = "sha256:c26f692c2544db587a530ede764955d91b8cbcc942c97442541e2c2327bf798e"},
    {file = "psqlpy-0.11.1-cp313-cp313-macosx_10_12_x86_64.whl", hash = "sha256:743c7083f9fc2ed33788a7e8a450dbee700f07abc7cf9098b077f26150863d5a"},
    {file = "psqlpy-0.11.1-cp313-cp313-macosx_11_0_arm64.whl", hash = "sha256:58bcd8b2b651e68d24c072099cf48d735e41a503948b42ea4fe4d6b6e4207d1b"},
    {file = "psqlpy-0.11.1-cp313-cp313-manylinux_2_17_aarch64.manylinux2014_aarch64.whl", hash = "sha256:ca4d27664ef5ed3b5b832bdf5dc6b5e3ef35d2fa9ccacb57aa294e066ec601d6"},
    {file = "psqlpy-0.11.1-cp313-cp313-manylinux_2_17_armv7l.manylinux2014_armv7l.whl", hash = "sha256:887e7eb0a67b39f05fecb0a7419a5a7ff15b412f68f04caf35d619c45adebfc1"},
    {file = "psqlpy-0.11.1-cp313-cp313-manylinux_2_17_i686.manylinux2014_i686.whl", hash = "sha256:94889eca5c74a39938d7966b4adf23f0ab83e8b01ec4b52f033735de5d0f328a"},
    {file = "psqlpy-0.11.1-cp313-cp313-manylinux_2_17_ppc64le.manylinux2014_ppc64le.whl", hash = "sha256:924d97e9e980f79003b621e54538c55a2ed3019bf3521a2c81839ebd070170ae"},
    {file = "psqlpy-0.11.1-cp313-cp313-manylinux_2_17_s390x.manylinux2014_s390x.whl", hash = "sha256:5cfebd796d86f4af0f369474fcf3f5e5c2706206ccff286725ecfd8cf539b575"},
    {file = "psqlpy-0.11.1-cp313-cp313-manylinux_2_17_x86_64.manylinux2014_x86_64.whl", hash = "sha256:aaa07c4d724d98f7bfb12ab457ebdee508e06cf631548803fbe1f14367ced7d7"},
    {file = "psqlpy-0.11.1-cp313-cp313-musllinux_1_2_i686.whl", hash = "sha256:bed78be3e786735f206bcba0085edac2703f352ba19d167b8b9ca3ecf7da02e5"},
    {file = "psqlpy-0.11.1-cp313-cp313-musllinux_1_2_x86_64.whl", hash = "sha256:c3c8e6c3d09be764576ca33c3d2d5023f01d5382f6fbae0ddb5a85831c1446eb"},
    {file = "psqlpy-0.11.1-cp313-cp313-win32.whl", hash = "sha256:62a8d3b273695131dd17b542d6943fd9ffa74f8a11274907abb4b5467be01ee0"},
    {file = "psqlpy-0.11.1-cp313-cp313-win_amd64.whl", hash = "sha256:e8dd94e2ca1691e6680b4d8ffa635b016cb29c6c85f1741bfc4a5db2eb5da527"},
    {file = "psqlpy-0.11.1-cp39-cp39-macosx_10_12_x86_64.whl", hash = "sha256:ad63b26ac1815adbc43b817b1ab2449f465ccd37d774e1bb944d15978724859a"},
    {file = "psqlpy-0.11.1-cp39-cp39-macosx_11_0_arm64.whl", hash = "sha256:18092bbfe432e8024076b392251c0315e2462d62c31cb5d0688ef8621ebb68fb"},
    {file = "psqlpy-0.11.1-cp39-cp39-manylinux_2_17_aarch64.manylinux2014_aarch64.whl", hash = "sha256:54800775e1fc59f9bd1004dc02659ed9ef67a3320cd320515f283aff6b6b12ab"},
    {file = "psqlpy-0.11.1-cp39-cp39-manylinux_2_17_armv7l.manylinux2014_armv7l.whl", hash = "sha256:1753e9d45bde065bc6697c0ea2bf8fc7315c71d12ec43295f203a8028c3c5cbe"},
    {file = "psqlpy-0.11.1-cp39-cp39-manylinux_2_17_i686.manylinux2014_i686.whl", hash = "sha256:0d5c8a03ef5404b9811c3960b6e24a6a086c780aaf80f1c9981e355bec4b2ea4"},
    {file = "psqlpy-0.11.1-cp39-cp39-manylinux_2_17_ppc64le.manylinux2014_ppc64le.whl", hash = "sha256:2eb4fd0833238c3a192d649920c11b1da4d9b95f1f785a742258017bc7dab916"},
    {file = "psqlpy-0.11.1-cp39-cp39-manylinux_2_17_s390x.manylinux2014_s390x.whl", hash = "sha256:8b4cf375e78347afa1106038329dc57ed046fe9a77882ea2f2eedc018582cfba"},
    {file = "psqlpy-0.11.1-cp39-cp39-manylinux_2_17_x86_64.manylinux2014_x86_64.whl", hash = "sha256:1c4db39f2d3aeefbe1d7e68e8e8a880bb45b89ee4d6ce096fe0b84a48cb3abad"},
    {file = "psqlpy-0.11.1-cp39-cp39-musllinux_1_2_i686.whl", hash = "sha256:094a4fa727d387f753cf34fb82d2a1569b04823249f0378fea745fe9a888d8fb"},
    {file = "psqlpy-0.11.1-cp39-cp39-musllinux_1_2_x86_64.whl", hash = "sha256:0d772545e82673e2863b9b8a7fa7c4ed3bfe5ab38b7c682c6669ee9c2ddb6e25"},
    {file = "psqlpy-0.11.1-cp39-cp39-win32.whl", hash = "sha256:1ed886ac411dece68c1dfc546a197a737a29db987de076946c518956131f48a0"},
    {file = "psqlpy-0.11.1-cp39-cp39-win_amd64.whl", hash = "sha256:d8e614593e92327f1ed63c0767fbd1352f6e67397f7983a4efd74dc0d53955a8"},
    {file = "psqlpy-0.11.1-pp310-pypy310_pp73-macosx_10_12_x86_64.whl", hash = "sha256:60170e1b39ede1e660e6226f7e1bf89eb854b59e9a61ab6730b5a5bcb913dd50"},
    {file = "psqlpy-0.11.1-pp310-pypy310_pp73-macosx_11_0_arm64.whl", hash = "sha256:59bff6ee2c69775b0c69336dd7a9648a25d024828856d8390d067cad3781d0c0"},
    {file = "psqlpy-0.11.1-pp310-pypy310_pp73-manylinux_2_17_aarch64.manylinux2014_aarch64.whl", hash = "sha256:910f34d83e487a882f8a001f93936cd4da65cda4c302b6c48f908534ae9fca63"},
    {file = "psqlpy-0.11.1-pp310-pypy310_pp73-manylinux_2_17_armv7l.manylinux2014_armv7l.whl", hash = "sha256:f3f968a4ebda6ae46466b052da2115ad76a5ba5974ac3eb0eff549eacc24cbaf"},
    {file = "psqlpy-0.11.1-pp310-pypy310_pp73-manylinux_2_17_i686.manylinux2014_i686.whl", hash = "sha256:ca84ce85c163b4eea43eb81ce41f4187690dee2178a0aaaf6e6c4033602877e2"},
    {file = "psqlpy-0.11.1-pp310-pypy310_pp73-manylinux_2_17_ppc64le.manylinux2014_ppc64le.whl", hash = "sha256:d54f7b583408543e2f6f0e5ca57aa6592fb7b92b86603d75295a4ac4173220f3"},
    {file = "psqlpy-0.11.1-pp310-pypy310_pp73-manylinux_2_17_s390x.manylinux2014_s390x.whl", hash = "sha256:72d6714c32f88302d62318c9a482e4189d73f6ba8989140fe89f25bc1c4e1561"},
    {file = "psqlpy-0.11.1-pp310-pypy310_pp73-manylinux_2_17_x86_64.manylinux2014_x86_64.whl", hash = "sha256:379208187283965b4725e1109fe110b16c899a7d6587da7a44bb79b0273ba9c8"},
    {file = "psqlpy-0.11.1-pp310-pypy310_pp73-musllinux_1_2_i686.whl", hash = "sha256:ce0eb482a1cefe2e919b482eb3e5f38ed7bb9ad32e302d3dfa29b1f242e2bb6f"},
    {file = "psqlpy-0.11.1-pp310-pypy310_pp73-musllinux_1_2_x86_64.whl", hash = "sha256:5e3ab86b6e09fb62f30fbd575f6578460f58d4a6e561ed5b8f1fb75fb84ab700"},
    {file = "psqlpy-0.11.1-pp39-pypy39_pp73-macosx_10_12_x86_64.whl", hash = "sha256:ed54139227fa6d0d514f26bab74725f9569eda1e2c5461c93c5ef2b5f941f086"},
    {file = "psqlpy-0.11.1-pp39-pypy39_pp73-macosx_11_0_arm64.whl", hash = "sha256:0e64ea4adcfd1bc1ce6d0452445d61934234df5a1e148d6e8ce169b86160ec95"},
    {file = "psqlpy-0.11.1-pp39-pypy39_pp73-manylinux_2_17_aarch64.manylinux2014_aarch64.whl", hash = "sha256:aa0f5f031da2453d890f1952dad5e21646d83e1a89caa47ea90dbb0f34a49a99"},
    {file = "psqlpy-0.11.1-pp39-pypy39_pp73-manylinux_2_17_armv7l.manylinux2014_armv7l.whl", hash = "sha256:311171fa4dc359f9e0772812fd24b423f0e2d0a603cdf482c62bdd9bf8e30655"},
    {file = "psqlpy-0.11.1-pp39-pypy39_pp73-manylinux_2_17_i686.manylinux2014_i686.whl", hash = "sha256:612d86cb4dc0c4cccbab46782e076ade177ed043a12b02de2697f81e7b46c715"},
    {file = "psqlpy-0.11.1-pp39-pypy39_pp73-manylinux_2_17_ppc64le.manylinux2014_ppc64le.whl", hash = "sha256:4147f883ead4af3ab3393c8d2ddb8161adfd763c3f0177d0e13fae6478adef65"},
    {file = "psqlpy-0.11.1-pp39-pypy39_pp73-manylinux_2_17_s390x.manylinux2014_s390x.whl", hash = "sha256:2b4b02ad0870965ad0204fff24e1ebf2acc325985fe031067f2dc978a6cebac0"},
    {file = "psqlpy-0.11.1-pp39-pypy39_pp73-manylinux_2_17_x86_64.manylinux2014_x86_64.whl", hash = "sha256:17c0fbf59412ff12a842c561f50a41119498220814e2b54873289343e49b3097"},
    {file = "psqlpy-0.11.1-pp39-pypy39_pp73-musllinux_1_2_i686.whl", hash = "sha256:5432bddeaf7ab3cec4c63d2d0800704e6019d3d1e7c4169d6f789d52bbc959df"},
    {file = "psqlpy-0.11.1-pp39-pypy39_pp73-musllinux_1_2_x86_64.whl", hash = "sha256:0ac46f01b67d6b39b21ed91b38fc6bb2e594a518c4b6f4dbd532b59f721df335"},
    {file = "psqlpy-0.11.1.tar.gz", hash = "sha256:cd22f7fbedd5527d60068b6116401135fa10fe5de8fa3596cf4cc0dc6c1d14b2"},
]

[[package]]
name = "ruff"
version = "0.11.11"
description = "An extremely fast Python linter and code formatter, written in Rust."
optional = false
python-versions = ">=3.7"
files = [
    {file = "ruff-0.11.11-py3-none-linux_armv6l.whl", hash = "sha256:9924e5ae54125ed8958a4f7de320dab7380f6e9fa3195e3dc3b137c6842a0092"},
    {file = "ruff-0.11.11-py3-none-macosx_10_12_x86_64.whl", hash = "sha256:c8a93276393d91e952f790148eb226658dd275cddfde96c6ca304873f11d2ae4"},
    {file = "ruff-0.11.11-py3-none-macosx_11_0_arm64.whl", hash = "sha256:d6e333dbe2e6ae84cdedefa943dfd6434753ad321764fd937eef9d6b62022bcd"},
    {file = "ruff-0.11.11-py3-none-manylinux_2_17_aarch64.manylinux2014_aarch64.whl", hash = "sha256:7885d9a5e4c77b24e8c88aba8c80be9255fa22ab326019dac2356cff42089fc6"},
    {file = "ruff-0.11.11-py3-none-manylinux_2_17_armv7l.manylinux2014_armv7l.whl", hash = "sha256:1b5ab797fcc09121ed82e9b12b6f27e34859e4227080a42d090881be888755d4"},
    {file = "ruff-0.11.11-py3-none-manylinux_2_17_i686.manylinux2014_i686.whl", hash = "sha256:e231ff3132c1119ece836487a02785f099a43992b95c2f62847d29bace3c75ac"},
    {file = "ruff-0.11.11-py3-none-manylinux_2_17_ppc64.manylinux2014_ppc64.whl", hash = "sha256:a97c9babe1d4081037a90289986925726b802d180cca784ac8da2bbbc335f709"},
    {file = "ruff-0.11.11-py3-none-manylinux_2_17_ppc64le.manylinux2014_ppc64le.whl", hash = "sha256:d8c4ddcbe8a19f59f57fd814b8b117d4fcea9bee7c0492e6cf5fdc22cfa563c8"},
    {file = "ruff-0.11.11-py3-none-manylinux_2_17_s390x.manylinux2014_s390x.whl", hash = "sha256:6224076c344a7694c6fbbb70d4f2a7b730f6d47d2a9dc1e7f9d9bb583faf390b"},
    {file = "ruff-0.11.11-py3-none-manylinux_2_17_x86_64.manylinux2014_x86_64.whl", hash = "sha256:882821fcdf7ae8db7a951df1903d9cb032bbe838852e5fc3c2b6c3ab54e39875"},
    {file = "ruff-0.11.11-py3-none-musllinux_1_2_aarch64.whl", hash = "sha256:dcec2d50756463d9df075a26a85a6affbc1b0148873da3997286caf1ce03cae1"},
    {file = "ruff-0.11.11-py3-none-musllinux_1_2_armv7l.whl", hash = "sha256:99c28505ecbaeb6594701a74e395b187ee083ee26478c1a795d35084d53ebd81"},
    {file = "ruff-0.11.11-py3-none-musllinux_1_2_i686.whl", hash = "sha256:9263f9e5aa4ff1dec765e99810f1cc53f0c868c5329b69f13845f699fe74f639"},
    {file = "ruff-0.11.11-py3-none-musllinux_1_2_x86_64.whl", hash = "sha256:64ac6f885e3ecb2fdbb71de2701d4e34526651f1e8503af8fb30d4915a3fe345"},
    {file = "ruff-0.11.11-py3-none-win32.whl", hash = "sha256:1adcb9a18802268aaa891ffb67b1c94cd70578f126637118e8099b8e4adcf112"},
    {file = "ruff-0.11.11-py3-none-win_amd64.whl", hash = "sha256:748b4bb245f11e91a04a4ff0f96e386711df0a30412b9fe0c74d5bdc0e4a531f"},
    {file = "ruff-0.11.11-py3-none-win_arm64.whl", hash = "sha256:6c51f136c0364ab1b774767aa8b86331bd8e9d414e2d107db7a2189f35ea1f7b"},
    {file = "ruff-0.11.11.tar.gz", hash = "sha256:7774173cc7c1980e6bf67569ebb7085989a78a103922fb83ef3dfe230cd0687d"},
]

[[package]]
name = "sqlalchemy"
version = "2.0.41"
description = "Database Abstraction Library"
optional = false
python-versions = ">=3.7"
files = [
    {file = "SQLAlchemy-2.0.41-cp37-cp37m-macosx_10_9_x86_64.whl", hash = "sha256:6854175807af57bdb6425e47adbce7d20a4d79bbfd6f6d6519cd10bb7109a7f8"},
    {file = "SQLAlchemy-2.0.41-cp37-cp37m-manylinux_2_17_aarch64.manylinux2014_aarch64.whl", hash = "sha256:05132c906066142103b83d9c250b60508af556982a385d96c4eaa9fb9720ac2b"},
    {file = "SQLAlchemy-2.0.41-cp37-cp37m-manylinux_2_17_x86_64.manylinux2014_x86_64.whl", hash = "sha256:8b4af17bda11e907c51d10686eda89049f9ce5669b08fbe71a29747f1e876036"},
    {file = "SQLAlchemy-2.0.41-cp37-cp37m-musllinux_1_2_aarch64.whl", hash = "sha256:c0b0e5e1b5d9f3586601048dd68f392dc0cc99a59bb5faf18aab057ce00d00b2"},
    {file = "SQLAlchemy-2.0.41-cp37-cp37m-musllinux_1_2_x86_64.whl", hash = "sha256:0b3dbf1e7e9bc95f4bac5e2fb6d3fb2f083254c3fdd20a1789af965caf2d2348"},
    {file = "SQLAlchemy-2.0.41-cp37-cp37m-win32.whl", hash = "sha256:1e3f196a0c59b0cae9a0cd332eb1a4bda4696e863f4f1cf84ab0347992c548c2"},
    {file = "SQLAlchemy-2.0.41-cp37-cp37m-win_amd64.whl", hash = "sha256:6ab60a5089a8f02009f127806f777fca82581c49e127f08413a66056bd9166dd"},
    {file = "sqlalchemy-2.0.41-cp310-cp310-macosx_10_9_x86_64.whl", hash = "sha256:b1f09b6821406ea1f94053f346f28f8215e293344209129a9c0fcc3578598d7b"},
    {file = "sqlalchemy-2.0.41-cp310-cp310-macosx_11_0_arm64.whl", hash = "sha256:1936af879e3db023601196a1684d28e12f19ccf93af01bf3280a3262c4b6b4e5"},
    {file = "sqlalchemy-2.0.41-cp310-cp310-manylinux_2_17_aarch64.manylinux2014_aarch64.whl", hash = "sha256:b2ac41acfc8d965fb0c464eb8f44995770239668956dc4cdf502d1b1ffe0d747"},
    {file = "sqlalchemy-2.0.41-cp310-cp310-manylinux_2_17_x86_64.manylinux2014_x86_64.whl", hash = "sha256:81c24e0c0fde47a9723c81d5806569cddef103aebbf79dbc9fcbb617153dea30"},
    {file = "sqlalchemy-2.0.41-cp310-cp310-musllinux_1_2_aarch64.whl", hash = "sha256:23a8825495d8b195c4aa9ff1c430c28f2c821e8c5e2d98089228af887e5d7e29"},
    {file = "sqlalchemy-2.0.41-cp310-cp310-musllinux_1_2_x86_64.whl", hash = "sha256:60c578c45c949f909a4026b7807044e7e564adf793537fc762b2489d522f3d11"},
    {file = "sqlalchemy-2.0.41-cp310-cp310-win32.whl", hash = "sha256:118c16cd3f1b00c76d69343e38602006c9cfb9998fa4f798606d28d63f23beda"},
    {file = "sqlalchemy-2.0.41-cp310-cp310-win_amd64.whl", hash = "sha256:7492967c3386df69f80cf67efd665c0f667cee67032090fe01d7d74b0e19bb08"},
    {file = "sqlalchemy-2.0.41-cp311-cp311-macosx_10_9_x86_64.whl", hash = "sha256:6375cd674fe82d7aa9816d1cb96ec592bac1726c11e0cafbf40eeee9a4516b5f"},
    {file = "sqlalchemy-2.0.41-cp311-cp311-macosx_11_0_arm64.whl", hash = "sha256:9f8c9fdd15a55d9465e590a402f42082705d66b05afc3ffd2d2eb3c6ba919560"},
    {file = "sqlalchemy-2.0.41-cp311-cp311-manylinux_2_17_aarch64.manylinux2014_aarch64.whl", hash = "sha256:32f9dc8c44acdee06c8fc6440db9eae8b4af8b01e4b1aee7bdd7241c22edff4f"},
    {file = "sqlalchemy-2.0.41-cp311-cp311-manylinux_2_17_x86_64.manylinux2014_x86_64.whl", hash = "sha256:90c11ceb9a1f482c752a71f203a81858625d8df5746d787a4786bca4ffdf71c6"},
    {file = "sqlalchemy-2.0.41-cp311-cp311-musllinux_1_2_aarch64.whl", hash = "sha256:911cc493ebd60de5f285bcae0491a60b4f2a9f0f5c270edd1c4dbaef7a38fc04"},
    {file = "sqlalchemy-2.0.41-cp311-cp311-musllinux_1_2_x86_64.whl", hash = "sha256:03968a349db483936c249f4d9cd14ff2c296adfa1290b660ba6516f973139582"},
    {file = "sqlalchemy-2.0.41-cp311-cp311-win32.whl", hash = "sha256:293cd444d82b18da48c9f71cd7005844dbbd06ca19be1ccf6779154439eec0b8"},
    {file = "sqlalchemy-2.0.41-cp311-cp311-win_amd64.whl", hash = "sha256:3d3549fc3e40667ec7199033a4e40a2f669898a00a7b18a931d3efb4c7900504"},
    {file = "sqlalchemy-2.0.41-cp312-cp312-macosx_10_13_x86_64.whl", hash = "sha256:81f413674d85cfd0dfcd6512e10e0f33c19c21860342a4890c3a2b59479929f9"},
    {file = "sqlalchemy-2.0.41-cp312-cp312-macosx_11_0_arm64.whl", hash = "sha256:598d9ebc1e796431bbd068e41e4de4dc34312b7aa3292571bb3674a0cb415dd1"},
    {file = "sqlalchemy-2.0.41-cp312-cp312-manylinux_2_17_aarch64.manylinux2014_aarch64.whl", hash = "sha256:a104c5694dfd2d864a6f91b0956eb5d5883234119cb40010115fd45a16da5e70"},
    {file = "sqlalchemy-2.0.41-cp312-cp312-manylinux_2_17_x86_64.manylinux2014_x86_64.whl", hash = "sha256:6145afea51ff0af7f2564a05fa95eb46f542919e6523729663a5d285ecb3cf5e"},
    {file = "sqlalchemy-2.0.41-cp312-cp312-musllinux_1_2_aarch64.whl", hash = "sha256:b46fa6eae1cd1c20e6e6f44e19984d438b6b2d8616d21d783d150df714f44078"},
    {file = "sqlalchemy-2.0.41-cp312-cp312-musllinux_1_2_x86_64.whl", hash = "sha256:41836fe661cc98abfae476e14ba1906220f92c4e528771a8a3ae6a151242d2ae"},
    {file = "sqlalchemy-2.0.41-cp312-cp312-win32.whl", hash = "sha256:a8808d5cf866c781150d36a3c8eb3adccfa41a8105d031bf27e92c251e3969d6"},
    {file = "sqlalchemy-2.0.41-cp312-cp312-win_amd64.whl", hash = "sha256:5b14e97886199c1f52c14629c11d90c11fbb09e9334fa7bb5f6d068d9ced0ce0"},
    {file = "sqlalchemy-2.0.41-cp313-cp313-macosx_10_13_x86_64.whl", hash = "sha256:4eeb195cdedaf17aab6b247894ff2734dcead6c08f748e617bfe05bd5a218443"},
    {file = "sqlalchemy-2.0.41-cp313-cp313-macosx_11_0_arm64.whl", hash = "sha256:d4ae769b9c1c7757e4ccce94b0641bc203bbdf43ba7a2413ab2523d8d047d8dc"},
    {file = "sqlalchemy-2.0.41-cp313-cp313-manylinux_2_17_aarch64.manylinux2014_aarch64.whl", hash = "sha256:a62448526dd9ed3e3beedc93df9bb6b55a436ed1474db31a2af13b313a70a7e1"},
    {file = "sqlalchemy-2.0.41-cp313-cp313-manylinux_2_17_x86_64.manylinux2014_x86_64.whl", hash = "sha256:dc56c9788617b8964ad02e8fcfeed4001c1f8ba91a9e1f31483c0dffb207002a"},
    {file = "sqlalchemy-2.0.41-cp313-cp313-musllinux_1_2_aarch64.whl", hash = "sha256:c153265408d18de4cc5ded1941dcd8315894572cddd3c58df5d5b5705b3fa28d"},
    {file = "sqlalchemy-2.0.41-cp313-cp313-musllinux_1_2_x86_64.whl", hash = "sha256:4f67766965996e63bb46cfbf2ce5355fc32d9dd3b8ad7e536a920ff9ee422e23"},
    {file = "sqlalchemy-2.0.41-cp313-cp313-win32.whl", hash = "sha256:bfc9064f6658a3d1cadeaa0ba07570b83ce6801a1314985bf98ec9b95d74e15f"},
    {file = "sqlalchemy-2.0.41-cp313-cp313-win_amd64.whl", hash = "sha256:82ca366a844eb551daff9d2e6e7a9e5e76d2612c8564f58db6c19a726869c1df"},
    {file = "sqlalchemy-2.0.41-cp38-cp38-macosx_10_9_x86_64.whl", hash = "sha256:90144d3b0c8b139408da50196c5cad2a6909b51b23df1f0538411cd23ffa45d3"},
    {file = "sqlalchemy-2.0.41-cp38-cp38-macosx_11_0_arm64.whl", hash = "sha256:023b3ee6169969beea3bb72312e44d8b7c27c75b347942d943cf49397b7edeb5"},
    {file = "sqlalchemy-2.0.41-cp38-cp38-manylinux_2_17_aarch64.manylinux2014_aarch64.whl", hash = "sha256:725875a63abf7c399d4548e686debb65cdc2549e1825437096a0af1f7e374814"},
    {file = "sqlalchemy-2.0.41-cp38-cp38-manylinux_2_17_x86_64.manylinux2014_x86_64.whl", hash = "sha256:81965cc20848ab06583506ef54e37cf15c83c7e619df2ad16807c03100745dea"},
    {file = "sqlalchemy-2.0.41-cp38-cp38-musllinux_1_2_aarch64.whl", hash = "sha256:dd5ec3aa6ae6e4d5b5de9357d2133c07be1aff6405b136dad753a16afb6717dd"},
    {file = "sqlalchemy-2.0.41-cp38-cp38-musllinux_1_2_x86_64.whl", hash = "sha256:ff8e80c4c4932c10493ff97028decfdb622de69cae87e0f127a7ebe32b4069c6"},
    {file = "sqlalchemy-2.0.41-cp38-cp38-win32.whl", hash = "sha256:4d44522480e0bf34c3d63167b8cfa7289c1c54264c2950cc5fc26e7850967e45"},
    {file = "sqlalchemy-2.0.41-cp38-cp38-win_amd64.whl", hash = "sha256:81eedafa609917040d39aa9332e25881a8e7a0862495fcdf2023a9667209deda"},
    {file = "sqlalchemy-2.0.41-cp39-cp39-macosx_10_9_x86_64.whl", hash = "sha256:9a420a91913092d1e20c86a2f5f1fc85c1a8924dbcaf5e0586df8aceb09c9cc2"},
    {file = "sqlalchemy-2.0.41-cp39-cp39-macosx_11_0_arm64.whl", hash = "sha256:906e6b0d7d452e9a98e5ab8507c0da791856b2380fdee61b765632bb8698026f"},
    {file = "sqlalchemy-2.0.41-cp39-cp39-manylinux_2_17_aarch64.manylinux2014_aarch64.whl", hash = "sha256:a373a400f3e9bac95ba2a06372c4fd1412a7cee53c37fc6c05f829bf672b8769"},
    {file = "sqlalchemy-2.0.41-cp39-cp39-manylinux_2_17_x86_64.manylinux2014_x86_64.whl", hash = "sha256:087b6b52de812741c27231b5a3586384d60c353fbd0e2f81405a814b5591dc8b"},
    {file = "sqlalchemy-2.0.41-cp39-cp39-musllinux_1_2_aarch64.whl", hash = "sha256:34ea30ab3ec98355235972dadc497bb659cc75f8292b760394824fab9cf39826"},
    {file = "sqlalchemy-2.0.41-cp39-cp39-musllinux_1_2_x86_64.whl", hash = "sha256:8280856dd7c6a68ab3a164b4a4b1c51f7691f6d04af4d4ca23d6ecf2261b7923"},
    {file = "sqlalchemy-2.0.41-cp39-cp39-win32.whl", hash = "sha256:b50eab9994d64f4a823ff99a0ed28a6903224ddbe7fef56a6dd865eec9243440"},
    {file = "sqlalchemy-2.0.41-cp39-cp39-win_amd64.whl", hash = "sha256:5e22575d169529ac3e0a120cf050ec9daa94b6a9597993d1702884f6954a7d71"},
    {file = "sqlalchemy-2.0.41-py3-none-any.whl", hash = "sha256:57df5dc6fdb5ed1a88a1ed2195fd31927e705cad62dedd86b46972752a80f576"},
    {file = "sqlalchemy-2.0.41.tar.gz", hash = "sha256:edba70118c4be3c2b1f90754d308d0b79c6fe2c0fdc52d8ddf603916f83f4db9"},
]

[package.dependencies]
greenlet = {version = ">=1", markers = "python_version < \"3.14\" and (platform_machine == \"aarch64\" or platform_machine == \"ppc64le\" or platform_machine == \"x86_64\" or platform_machine == \"amd64\" or platform_machine == \"AMD64\" or platform_machine == \"win32\" or platform_machine == \"WIN32\")"}
typing-extensions = ">=4.6.0"

[package.extras]
aiomysql = ["aiomysql (>=0.2.0)", "greenlet (>=1)"]
aioodbc = ["aioodbc", "greenlet (>=1)"]
aiosqlite = ["aiosqlite", "greenlet (>=1)", "typing_extensions (!=3.10.0.1)"]
asyncio = ["greenlet (>=1)"]
asyncmy = ["asyncmy (>=0.2.3,!=0.2.4,!=0.2.6)", "greenlet (>=1)"]
mariadb-connector = ["mariadb (>=1.0.1,!=1.1.2,!=1.1.5,!=1.1.10)"]
mssql = ["pyodbc"]
mssql-pymssql = ["pymssql"]
mssql-pyodbc = ["pyodbc"]
mypy = ["mypy (>=0.910)"]
mysql = ["mysqlclient (>=1.4.0)"]
mysql-connector = ["mysql-connector-python"]
oracle = ["cx_oracle (>=8)"]
oracle-oracledb = ["oracledb (>=1.0.1)"]
postgresql = ["psycopg2 (>=2.7)"]
postgresql-asyncpg = ["asyncpg", "greenlet (>=1)"]
postgresql-pg8000 = ["pg8000 (>=1.29.1)"]
postgresql-psycopg = ["psycopg (>=3.0.7)"]
postgresql-psycopg2binary = ["psycopg2-binary"]
postgresql-psycopg2cffi = ["psycopg2cffi"]
postgresql-psycopgbinary = ["psycopg[binary] (>=3.0.7)"]
pymysql = ["pymysql"]
sqlcipher = ["sqlcipher3_binary"]

[[package]]
name = "tomli"
version = "2.2.1"
description = "A lil' TOML parser"
optional = false
python-versions = ">=3.8"
files = [
    {file = "tomli-2.2.1-cp311-cp311-macosx_10_9_x86_64.whl", hash = "sha256:678e4fa69e4575eb77d103de3df8a895e1591b48e740211bd1067378c69e8249"},
    {file = "tomli-2.2.1-cp311-cp311-macosx_11_0_arm64.whl", hash = "sha256:023aa114dd824ade0100497eb2318602af309e5a55595f76b626d6d9f3b7b0a6"},
    {file = "tomli-2.2.1-cp311-cp311-manylinux_2_17_aarch64.manylinux2014_aarch64.whl", hash = "sha256:ece47d672db52ac607a3d9599a9d48dcb2f2f735c6c2d1f34130085bb12b112a"},
    {file = "tomli-2.2.1-cp311-cp311-manylinux_2_17_x86_64.manylinux2014_x86_64.whl", hash = "sha256:6972ca9c9cc9f0acaa56a8ca1ff51e7af152a9f87fb64623e31d5c83700080ee"},
    {file = "tomli-2.2.1-cp311-cp311-manylinux_2_5_i686.manylinux1_i686.manylinux_2_17_i686.manylinux2014_i686.whl", hash = "sha256:c954d2250168d28797dd4e3ac5cf812a406cd5a92674ee4c8f123c889786aa8e"},
    {file = "tomli-2.2.1-cp311-cp311-musllinux_1_2_aarch64.whl", hash = "sha256:8dd28b3e155b80f4d54beb40a441d366adcfe740969820caf156c019fb5c7ec4"},
    {file = "tomli-2.2.1-cp311-cp311-musllinux_1_2_i686.whl", hash = "sha256:e59e304978767a54663af13c07b3d1af22ddee3bb2fb0618ca1593e4f593a106"},
    {file = "tomli-2.2.1-cp311-cp311-musllinux_1_2_x86_64.whl", hash = "sha256:33580bccab0338d00994d7f16f4c4ec25b776af3ffaac1ed74e0b3fc95e885a8"},
    {file = "tomli-2.2.1-cp311-cp311-win32.whl", hash = "sha256:465af0e0875402f1d226519c9904f37254b3045fc5084697cefb9bdde1ff99ff"},
    {file = "tomli-2.2.1-cp311-cp311-win_amd64.whl", hash = "sha256:2d0f2fdd22b02c6d81637a3c95f8cd77f995846af7414c5c4b8d0545afa1bc4b"},
    {file = "tomli-2.2.1-cp312-cp312-macosx_10_13_x86_64.whl", hash = "sha256:4a8f6e44de52d5e6c657c9fe83b562f5f4256d8ebbfe4ff922c495620a7f6cea"},
    {file = "tomli-2.2.1-cp312-cp312-macosx_11_0_arm64.whl", hash = "sha256:8d57ca8095a641b8237d5b079147646153d22552f1c637fd3ba7f4b0b29167a8"},
    {file = "tomli-2.2.1-cp312-cp312-manylinux_2_17_aarch64.manylinux2014_aarch64.whl", hash = "sha256:4e340144ad7ae1533cb897d406382b4b6fede8890a03738ff1683af800d54192"},
    {file = "tomli-2.2.1-cp312-cp312-manylinux_2_17_x86_64.manylinux2014_x86_64.whl", hash = "sha256:db2b95f9de79181805df90bedc5a5ab4c165e6ec3fe99f970d0e302f384ad222"},
    {file = "tomli-2.2.1-cp312-cp312-manylinux_2_5_i686.manylinux1_i686.manylinux_2_17_i686.manylinux2014_i686.whl", hash = "sha256:40741994320b232529c802f8bc86da4e1aa9f413db394617b9a256ae0f9a7f77"},
    {file = "tomli-2.2.1-cp312-cp312-musllinux_1_2_aarch64.whl", hash = "sha256:400e720fe168c0f8521520190686ef8ef033fb19fc493da09779e592861b78c6"},
    {file = "tomli-2.2.1-cp312-cp312-musllinux_1_2_i686.whl", hash = "sha256:02abe224de6ae62c19f090f68da4e27b10af2b93213d36cf44e6e1c5abd19fdd"},
    {file = "tomli-2.2.1-cp312-cp312-musllinux_1_2_x86_64.whl", hash = "sha256:b82ebccc8c8a36f2094e969560a1b836758481f3dc360ce9a3277c65f374285e"},
    {file = "tomli-2.2.1-cp312-cp312-win32.whl", hash = "sha256:889f80ef92701b9dbb224e49ec87c645ce5df3fa2cc548664eb8a25e03127a98"},
    {file = "tomli-2.2.1-cp312-cp312-win_amd64.whl", hash = "sha256:7fc04e92e1d624a4a63c76474610238576942d6b8950a2d7f908a340494e67e4"},
    {file = "tomli-2.2.1-cp313-cp313-macosx_10_13_x86_64.whl", hash = "sha256:f4039b9cbc3048b2416cc57ab3bda989a6fcf9b36cf8937f01a6e731b64f80d7"},
    {file = "tomli-2.2.1-cp313-cp313-macosx_11_0_arm64.whl", hash = "sha256:286f0ca2ffeeb5b9bd4fcc8d6c330534323ec51b2f52da063b11c502da16f30c"},
    {file = "tomli-2.2.1-cp313-cp313-manylinux_2_17_aarch64.manylinux2014_aarch64.whl", hash = "sha256:a92ef1a44547e894e2a17d24e7557a5e85a9e1d0048b0b5e7541f76c5032cb13"},
    {file = "tomli-2.2.1-cp313-cp313-manylinux_2_17_x86_64.manylinux2014_x86_64.whl", hash = "sha256:9316dc65bed1684c9a98ee68759ceaed29d229e985297003e494aa825ebb0281"},
    {file = "tomli-2.2.1-cp313-cp313-manylinux_2_5_i686.manylinux1_i686.manylinux_2_17_i686.manylinux2014_i686.whl", hash = "sha256:e85e99945e688e32d5a35c1ff38ed0b3f41f43fad8df0bdf79f72b2ba7bc5272"},
    {file = "tomli-2.2.1-cp313-cp313-musllinux_1_2_aarch64.whl", hash = "sha256:ac065718db92ca818f8d6141b5f66369833d4a80a9d74435a268c52bdfa73140"},
    {file = "tomli-2.2.1-cp313-cp313-musllinux_1_2_i686.whl", hash = "sha256:d920f33822747519673ee656a4b6ac33e382eca9d331c87770faa3eef562aeb2"},
    {file = "tomli-2.2.1-cp313-cp313-musllinux_1_2_x86_64.whl", hash = "sha256:a198f10c4d1b1375d7687bc25294306e551bf1abfa4eace6650070a5c1ae2744"},
    {file = "tomli-2.2.1-cp313-cp313-win32.whl", hash = "sha256:d3f5614314d758649ab2ab3a62d4f2004c825922f9e370b29416484086b264ec"},
    {file = "tomli-2.2.1-cp313-cp313-win_amd64.whl", hash = "sha256:a38aa0308e754b0e3c67e344754dff64999ff9b513e691d0e786265c93583c69"},
    {file = "tomli-2.2.1-py3-none-any.whl", hash = "sha256:cb55c73c5f4408779d0cf3eef9f762b9c9f147a77de7b258bef0a5628adc85cc"},
    {file = "tomli-2.2.1.tar.gz", hash = "sha256:cd45e1dc79c835ce60f7404ec8119f2eb06d38b1deba146f07ced3bbc44505ff"},
]

[[package]]
name = "typing-extensions"
version = "4.13.2"
description = "Backported and Experimental Type Hints for Python 3.8+"
optional = false
python-versions = ">=3.8"
files = [
    {file = "typing_extensions-4.13.2-py3-none-any.whl", hash = "sha256:a439e7c04b49fec3e5d3e2beaa21755cadbbdc391694e28ccdd36ca4a1408f8c"},
    {file = "typing_extensions-4.13.2.tar.gz", hash = "sha256:e6c81219bd689f51865d9e372991c540bda33a0379d5573cddb9a3a23f7caaef"},
]

[metadata]
lock-version = "2.0"
python-versions = "^3.9"
content-hash = "8ef875111c5d30640a1a8ae6a01fdef49feb96832f069fd26ee758404423aa4b"
